
Microsoft Visual Studio Solution File, Format Version 12.00
# Visual Studio Version 17
VisualStudioVersion = 17.0.31903.59
MinimumVisualStudioVersion = 10.0.40219.1
Project("{FAE04EC0-301F-11D3-BF4B-00C04F79EFBC}") = "Client", "Client.csproj", "{4DAAFDC1-124F-477F-8948-7961DD58C13D}"
EndProject
Global
	GlobalSection(SolutionConfigurationPlatforms) = preSolution
		Debug|Any CPU = Debug|Any CPU
		Release|Any CPU = Release|Any CPU
	EndGlobalSection
	GlobalSection(ProjectConfigurationPlatforms) = postSolution
		{4DAAFDC1-124F-477F-8948-7961DD58C13D}.Debug|Any CPU.ActiveCfg = Debug|Any CPU
		{4DAAFDC1-124F-477F-8948-7961DD58C13D}.Debug|Any CPU.Build.0 = Debug|Any CPU
		{4DAAFDC1-124F-477F-8948-7961DD58C13D}.Release|Any CPU.ActiveCfg = Release|Any CPU
		{4DAAFDC1-124F-477F-8948-7961DD58C13D}.Release|Any CPU.Build.0 = Release|Any CPU
	EndGlobalSection
	GlobalSection(SolutionProperties) = preSolution
		HideSolutionNode = FALSE
	EndGlobalSection
	GlobalSection(ExtensibilityGlobals) = postSolution
		SolutionGuid = {BAB85040-8E48-4604-9071-DD7B1E232950}
	EndGlobalSection
EndGlobal
