
Microsoft Visual Studio Solution File, Format Version 12.00
# Visual Studio Version 17
VisualStudioVersion = 17.0.31903.59
MinimumVisualStudioVersion = 10.0.40219.1
Project("{FAE04EC0-301F-11D3-BF4B-00C04F79EFBC}") = "Server", "Server.csproj", "{2D4B1E16-00DF-44E7-9EE0-90D100398FCF}"
EndProject
Global
	GlobalSection(SolutionConfigurationPlatforms) = preSolution
		Debug|Any CPU = Debug|Any CPU
		Release|Any CPU = Release|Any CPU
	EndGlobalSection
	GlobalSection(ProjectConfigurationPlatforms) = postSolution
		{2D4B1E16-00DF-44E7-9EE0-90D100398FCF}.Debug|Any CPU.ActiveCfg = Debug|Any CPU
		{2D4B1E16-00DF-44E7-9EE0-90D100398FCF}.Debug|Any CPU.Build.0 = Debug|Any CPU
		{2D4B1E16-00DF-44E7-9EE0-90D100398FCF}.Release|Any CPU.ActiveCfg = Release|Any CPU
		{2D4B1E16-00DF-44E7-9EE0-90D100398FCF}.Release|Any CPU.Build.0 = Release|Any CPU
	EndGlobalSection
	GlobalSection(SolutionProperties) = preSolution
		HideSolutionNode = FALSE
	EndGlobalSection
	GlobalSection(ExtensibilityGlobals) = postSolution
		SolutionGuid = {932CC082-E96B-4A27-A837-6607439CB136}
	EndGlobalSection
EndGlobal
